// !$*UTF8*$!
{
	archiveVersion = 1;
	classes = {
	};
	objectVersion = 56;
	objects = {

/* Begin PBXBuildFile section */
		8D3D37772AA14682009DBA60 /* ViewController+Delegates.swift in Sources */ = {isa = PBXBuildFile; fileRef = 8D3D37762AA14682009DBA60 /* ViewController+Delegates.swift */; };
		8D3D377A2AA147D7009DBA60 /* UIView+Extensions.swift in Sources */ = {isa = PBXBuildFile; fileRef = 8D3D37792AA147D7009DBA60 /* UIView+Extensions.swift */; };
		8D3D377C2AA14BEB009DBA60 /* Main+Protocols.swift in Sources */ = {isa = PBXBuildFile; fileRef = 8D3D377B2AA14BEB009DBA60 /* Main+Protocols.swift */; };
		8D3D37802AA151A0009DBA60 /* Context.swift in Sources */ = {isa = PBXBuildFile; fileRef = 8D3D377F2AA151A0009DBA60 /* Context.swift */; };
		8D3D37822AA151BA009DBA60 /* AppCoordinator.swift in Sources */ = {isa = PBXBuildFile; fileRef = 8D3D37812AA151BA009DBA60 /* AppCoordinator.swift */; };
		8D3D37842AA151C5009DBA60 /* Coordinator.swift in Sources */ = {isa = PBXBuildFile; fileRef = 8D3D37832AA151C5009DBA60 /* Coordinator.swift */; };
		8D3D37862AA17EAB009DBA60 /* MainCoordinator.swift in Sources */ = {isa = PBXBuildFile; fileRef = 8D3D37852AA17EAB009DBA60 /* MainCoordinator.swift */; };
		8D3D378A2AA17FC9009DBA60 /* DetailViewController.swift in Sources */ = {isa = PBXBuildFile; fileRef = 8D3D37892AA17FC9009DBA60 /* DetailViewController.swift */; };
		8D3FC0682A9F982D002EE3C1 /* MainCollectionViewCell.swift in Sources */ = {isa = PBXBuildFile; fileRef = 8D3FC0672A9F982D002EE3C1 /* MainCollectionViewCell.swift */; };
		8D3FC06A2A9FBE1C002EE3C1 /* DetailViewViewController.swift in Sources */ = {isa = PBXBuildFile; fileRef = 8D3FC0692A9FBE1C002EE3C1 /* DetailViewViewController.swift */; };
		8D4ABCE02A95B95C002CBE83 /* AppDelegate.swift in Sources */ = {isa = PBXBuildFile; fileRef = 8D4ABCDF2A95B95C002CBE83 /* AppDelegate.swift */; };
		8D4ABCE42A95B95C002CBE83 /* ViewController.swift in Sources */ = {isa = PBXBuildFile; fileRef = 8D4ABCE32A95B95C002CBE83 /* ViewController.swift */; };
		8D4ABCE92A95B95D002CBE83 /* Assets.xcassets in Resources */ = {isa = PBXBuildFile; fileRef = 8D4ABCE82A95B95D002CBE83 /* Assets.xcassets */; };
		8D4ABCEC2A95B95D002CBE83 /* LaunchScreen.storyboard in Resources */ = {isa = PBXBuildFile; fileRef = 8D4ABCEA2A95B95D002CBE83 /* LaunchScreen.storyboard */; };
		8DBD47CB2A9ED6FF00491F28 /* MainViewController.swift in Sources */ = {isa = PBXBuildFile; fileRef = 8DBD47CA2A9ED6FF00491F28 /* MainViewController.swift */; };
		8DBD47CD2A9EE19800491F28 /* MainViewControllerCellTableViewCell.swift in Sources */ = {isa = PBXBuildFile; fileRef = 8DBD47CC2A9EE19800491F28 /* MainViewControllerCellTableViewCell.swift */; };
/* End PBXBuildFile section */

/* Begin PBXFileReference section */
		8D3D37762AA14682009DBA60 /* ViewController+Delegates.swift */ = {isa = PBXFileReference; lastKnownFileType = sourcecode.swift; path = "ViewController+Delegates.swift"; sourceTree = "<group>"; };
		8D3D37792AA147D7009DBA60 /* UIView+Extensions.swift */ = {isa = PBXFileReference; lastKnownFileType = sourcecode.swift; path = "UIView+Extensions.swift"; sourceTree = "<group>"; };
		8D3D377B2AA14BEB009DBA60 /* Main+Protocols.swift */ = {isa = PBXFileReference; lastKnownFileType = sourcecode.swift; path = "Main+Protocols.swift"; sourceTree = "<group>"; };
		8D3D377F2AA151A0009DBA60 /* Context.swift */ = {isa = PBXFileReference; lastKnownFileType = sourcecode.swift; path = Context.swift; sourceTree = "<group>"; };
		8D3D37812AA151BA009DBA60 /* AppCoordinator.swift */ = {isa = PBXFileReference; lastKnownFileType = sourcecode.swift; path = AppCoordinator.swift; sourceTree = "<group>"; };
		8D3D37832AA151C5009DBA60 /* Coordinator.swift */ = {isa = PBXFileReference; lastKnownFileType = sourcecode.swift; path = Coordinator.swift; sourceTree = "<group>"; };
		8D3D37852AA17EAB009DBA60 /* MainCoordinator.swift */ = {isa = PBXFileReference; lastKnownFileType = sourcecode.swift; path = MainCoordinator.swift; sourceTree = "<group>"; };
		8D3D37892AA17FC9009DBA60 /* DetailViewController.swift */ = {isa = PBXFileReference; lastKnownFileType = sourcecode.swift; path = DetailViewController.swift; sourceTree = "<group>"; };
		8D3FC0672A9F982D002EE3C1 /* MainCollectionViewCell.swift */ = {isa = PBXFileReference; lastKnownFileType = sourcecode.swift; path = MainCollectionViewCell.swift; sourceTree = "<group>"; };
		8D3FC0692A9FBE1C002EE3C1 /* DetailViewViewController.swift */ = {isa = PBXFileReference; lastKnownFileType = sourcecode.swift; path = DetailViewViewController.swift; sourceTree = "<group>"; };
		8D4ABCDC2A95B95C002CBE83 /* UIKit Test.app */ = {isa = PBXFileReference; explicitFileType = wrapper.application; includeInIndex = 0; path = "UIKit Test.app"; sourceTree = BUILT_PRODUCTS_DIR; };
		8D4ABCDF2A95B95C002CBE83 /* AppDelegate.swift */ = {isa = PBXFileReference; lastKnownFileType = sourcecode.swift; path = AppDelegate.swift; sourceTree = "<group>"; };
		8D4ABCE32A95B95C002CBE83 /* ViewController.swift */ = {isa = PBXFileReference; lastKnownFileType = sourcecode.swift; path = ViewController.swift; sourceTree = "<group>"; };
		8D4ABCE82A95B95D002CBE83 /* Assets.xcassets */ = {isa = PBXFileReference; lastKnownFileType = folder.assetcatalog; path = Assets.xcassets; sourceTree = "<group>"; };
		8D4ABCEB2A95B95D002CBE83 /* Base */ = {isa = PBXFileReference; lastKnownFileType = file.storyboard; name = Base; path = Base.lproj/LaunchScreen.storyboard; sourceTree = "<group>"; };
		8D4ABCED2A95B95D002CBE83 /* Info.plist */ = {isa = PBXFileReference; lastKnownFileType = text.plist.xml; path = Info.plist; sourceTree = "<group>"; };
		8DBD47CA2A9ED6FF00491F28 /* MainViewController.swift */ = {isa = PBXFileReference; lastKnownFileType = sourcecode.swift; path = MainViewController.swift; sourceTree = "<group>"; };
		8DBD47CC2A9EE19800491F28 /* MainViewControllerCellTableViewCell.swift */ = {isa = PBXFileReference; lastKnownFileType = sourcecode.swift; path = MainViewControllerCellTableViewCell.swift; sourceTree = "<group>"; };
/* End PBXFileReference section */

/* Begin PBXFrameworksBuildPhase section */
		8D4ABCD92A95B95C002CBE83 /* Frameworks */ = {
			isa = PBXFrameworksBuildPhase;
			buildActionMask = 2147483647;
			files = (
			);
			runOnlyForDeploymentPostprocessing = 0;
		};
/* End PBXFrameworksBuildPhase section */

/* Begin PBXGroup section */
		8D3D376D2AA1423D009DBA60 /* Application */ = {
			isa = PBXGroup;
			children = (
				8D4ABCDF2A95B95C002CBE83 /* AppDelegate.swift */,
			);
			path = Application;
			sourceTree = "<group>";
		};
		8D3D376E2AA1425A009DBA60 /* Resources */ = {
			isa = PBXGroup;
			children = (
				8D4ABCEA2A95B95D002CBE83 /* LaunchScreen.storyboard */,
				8D4ABCE82A95B95D002CBE83 /* Assets.xcassets */,
			);
			path = Resources;
			sourceTree = "<group>";
		};
		8D3D376F2AA1428C009DBA60 /* Supporting Files */ = {
			isa = PBXGroup;
			children = (
				8D4ABCED2A95B95D002CBE83 /* Info.plist */,
			);
			path = "Supporting Files";
			sourceTree = "<group>";
		};
		8D3D37702AA1430A009DBA60 /* Sections */ = {
			isa = PBXGroup;
			children = (
				8D3D37872AA17FB4009DBA60 /* Detail */,
				8D3D37742AA143AC009DBA60 /* Main */,
			);
			path = Sections;
			sourceTree = "<group>";
		};
		8D3D37712AA14316009DBA60 /* Helpers */ = {
			isa = PBXGroup;
			children = (
			);
			path = Helpers;
			sourceTree = "<group>";
		};
		8D3D37722AA1432A009DBA60 /* Shared */ = {
			isa = PBXGroup;
			children = (
			);
			path = Shared;
			sourceTree = "<group>";
		};
		8D3D37732AA14341009DBA60 /* Libraries */ = {
			isa = PBXGroup;
			children = (
			);
			path = Libraries;
			sourceTree = "<group>";
		};
		8D3D37742AA143AC009DBA60 /* Main */ = {
			isa = PBXGroup;
			children = (
				8D3D37752AA14442009DBA60 /* Cell */,
				8D3FC0692A9FBE1C002EE3C1 /* DetailViewViewController.swift */,
				8D3D377B2AA14BEB009DBA60 /* Main+Protocols.swift */,
				8DBD47CA2A9ED6FF00491F28 /* MainViewController.swift */,
				8D4ABCE32A95B95C002CBE83 /* ViewController.swift */,
				8D3D37762AA14682009DBA60 /* ViewController+Delegates.swift */,
				8D3D37852AA17EAB009DBA60 /* MainCoordinator.swift */,
			);
			path = Main;
			sourceTree = "<group>";
		};
		8D3D37752AA14442009DBA60 /* Cell */ = {
			isa = PBXGroup;
			children = (
				8DBD47CC2A9EE19800491F28 /* MainViewControllerCellTableViewCell.swift */,
				8D3FC0672A9F982D002EE3C1 /* MainCollectionViewCell.swift */,
			);
			path = Cell;
			sourceTree = "<group>";
		};
		8D3D37782AA147BE009DBA60 /* Extensions */ = {
			isa = PBXGroup;
			children = (
				8D3D37792AA147D7009DBA60 /* UIView+Extensions.swift */,
			);
			path = Extensions;
			sourceTree = "<group>";
		};
		8D3D377D2AA15180009DBA60 /* Coordinator */ = {
			isa = PBXGroup;
			children = (
				8D3D377F2AA151A0009DBA60 /* Context.swift */,
				8D3D37812AA151BA009DBA60 /* AppCoordinator.swift */,
				8D3D37832AA151C5009DBA60 /* Coordinator.swift */,
			);
			path = Coordinator;
			sourceTree = "<group>";
		};
		8D3D37872AA17FB4009DBA60 /* Detail */ = {
			isa = PBXGroup;
			children = (
				8D3D37892AA17FC9009DBA60 /* DetailViewController.swift */,
			);
			path = Detail;
			sourceTree = "<group>";
		};
		8D4ABCD32A95B95C002CBE83 = {
			isa = PBXGroup;
			children = (
				8D4ABCDE2A95B95C002CBE83 /* UIKit Test */,
				8D4ABCDD2A95B95C002CBE83 /* Products */,
			);
			sourceTree = "<group>";
		};
		8D4ABCDD2A95B95C002CBE83 /* Products */ = {
			isa = PBXGroup;
			children = (
				8D4ABCDC2A95B95C002CBE83 /* UIKit Test.app */,
			);
			name = Products;
			sourceTree = "<group>";
		};
		8D4ABCDE2A95B95C002CBE83 /* UIKit Test */ = {
			isa = PBXGroup;
			children = (
				8D3D377D2AA15180009DBA60 /* Coordinator */,
				8D3D37782AA147BE009DBA60 /* Extensions */,
				8D3D37732AA14341009DBA60 /* Libraries */,
				8D3D37722AA1432A009DBA60 /* Shared */,
				8D3D37712AA14316009DBA60 /* Helpers */,
				8D3D37702AA1430A009DBA60 /* Sections */,
				8D3D376F2AA1428C009DBA60 /* Supporting Files */,
				8D3D376E2AA1425A009DBA60 /* Resources */,
				8D3D376D2AA1423D009DBA60 /* Application */,
			);
			path = "UIKit Test";
			sourceTree = "<group>";
		};
/* End PBXGroup section */

/* Begin PBXNativeTarget section */
		8D4ABCDB2A95B95C002CBE83 /* UIKit Test */ = {
			isa = PBXNativeTarget;
			buildConfigurationList = 8D4ABCF02A95B95D002CBE83 /* Build configuration list for PBXNativeTarget "UIKit Test" */;
			buildPhases = (
				8D4ABCD82A95B95C002CBE83 /* Sources */,
				8D4ABCD92A95B95C002CBE83 /* Frameworks */,
				8D4ABCDA2A95B95C002CBE83 /* Resources */,
			);
			buildRules = (
			);
			dependencies = (
			);
			name = "UIKit Test";
			productName = "UIKit Test";
			productReference = 8D4ABCDC2A95B95C002CBE83 /* UIKit Test.app */;
			productType = "com.apple.product-type.application";
		};
/* End PBXNativeTarget section */

/* Begin PBXProject section */
		8D4ABCD42A95B95C002CBE83 /* Project object */ = {
			isa = PBXProject;
			attributes = {
				BuildIndependentTargetsInParallel = 1;
				LastSwiftUpdateCheck = 1430;
				LastUpgradeCheck = 1430;
				TargetAttributes = {
					8D4ABCDB2A95B95C002CBE83 = {
						CreatedOnToolsVersion = 14.3.1;
					};
				};
			};
			buildConfigurationList = 8D4ABCD72A95B95C002CBE83 /* Build configuration list for PBXProject "UIKit Test" */;
			compatibilityVersion = "Xcode 14.0";
			developmentRegion = en;
			hasScannedForEncodings = 0;
			knownRegions = (
				en,
				Base,
			);
			mainGroup = 8D4ABCD32A95B95C002CBE83;
			productRefGroup = 8D4ABCDD2A95B95C002CBE83 /* Products */;
			projectDirPath = "";
			projectRoot = "";
			targets = (
				8D4ABCDB2A95B95C002CBE83 /* UIKit Test */,
			);
		};
/* End PBXProject section */

/* Begin PBXResourcesBuildPhase section */
		8D4ABCDA2A95B95C002CBE83 /* Resources */ = {
			isa = PBXResourcesBuildPhase;
			buildActionMask = 2147483647;
			files = (
				8D4ABCEC2A95B95D002CBE83 /* LaunchScreen.storyboard in Resources */,
				8D4ABCE92A95B95D002CBE83 /* Assets.xcassets in Resources */,
			);
			runOnlyForDeploymentPostprocessing = 0;
		};
/* End PBXResourcesBuildPhase section */

/* Begin PBXSourcesBuildPhase section */
		8D4ABCD82A95B95C002CBE83 /* Sources */ = {
			isa = PBXSourcesBuildPhase;
			buildActionMask = 2147483647;
			files = (
				8D3D37822AA151BA009DBA60 /* AppCoordinator.swift in Sources */,
				8DBD47CB2A9ED6FF00491F28 /* MainViewController.swift in Sources */,
				8D4ABCE42A95B95C002CBE83 /* ViewController.swift in Sources */,
				8D4ABCE02A95B95C002CBE83 /* AppDelegate.swift in Sources */,
				8D3D37802AA151A0009DBA60 /* Context.swift in Sources */,
				8D3D37772AA14682009DBA60 /* ViewController+Delegates.swift in Sources */,
				8D3FC0682A9F982D002EE3C1 /* MainCollectionViewCell.swift in Sources */,
				8D3D377C2AA14BEB009DBA60 /* Main+Protocols.swift in Sources */,
				8D3D37842AA151C5009DBA60 /* Coordinator.swift in Sources */,
				8D3FC06A2A9FBE1C002EE3C1 /* DetailViewViewController.swift in Sources */,
				8D3D37862AA17EAB009DBA60 /* MainCoordinator.swift in Sources */,
				8D3D377A2AA147D7009DBA60 /* UIView+Extensions.swift in Sources */,
				8DBD47CD2A9EE19800491F28 /* MainViewControllerCellTableViewCell.swift in Sources */,
				8D3D378A2AA17FC9009DBA60 /* DetailViewController.swift in Sources */,
			);
			runOnlyForDeploymentPostprocessing = 0;
		};
/* End PBXSourcesBuildPhase section */

/* Begin PBXVariantGroup section */
		8D4ABCEA2A95B95D002CBE83 /* LaunchScreen.storyboard */ = {
			isa = PBXVariantGroup;
			children = (
				8D4ABCEB2A95B95D002CBE83 /* Base */,
			);
			name = LaunchScreen.storyboard;
			sourceTree = "<group>";
		};
/* End PBXVariantGroup section */

/* Begin XCBuildConfiguration section */
		8D4ABCEE2A95B95D002CBE83 /* Debug */ = {
			isa = XCBuildConfiguration;
			buildSettings = {
				ALWAYS_SEARCH_USER_PATHS = NO;
				CLANG_ANALYZER_NONNULL = YES;
				CLANG_ANALYZER_NUMBER_OBJECT_CONVERSION = YES_AGGRESSIVE;
				CLANG_CXX_LANGUAGE_STANDARD = "gnu++20";
				CLANG_ENABLE_MODULES = YES;
				CLANG_ENABLE_OBJC_ARC = YES;
				CLANG_ENABLE_OBJC_WEAK = YES;
				CLANG_WARN_BLOCK_CAPTURE_AUTORELEASING = YES;
				CLANG_WARN_BOOL_CONVERSION = YES;
				CLANG_WARN_COMMA = YES;
				CLANG_WARN_CONSTANT_CONVERSION = YES;
				CLANG_WARN_DEPRECATED_OBJC_IMPLEMENTATIONS = YES;
				CLANG_WARN_DIRECT_OBJC_ISA_USAGE = YES_ERROR;
				CLANG_WARN_DOCUMENTATION_COMMENTS = YES;
				CLANG_WARN_EMPTY_BODY = YES;
				CLANG_WARN_ENUM_CONVERSION = YES;
				CLANG_WARN_INFINITE_RECURSION = YES;
				CLANG_WARN_INT_CONVERSION = YES;
				CLANG_WARN_NON_LITERAL_NULL_CONVERSION = YES;
				CLANG_WARN_OBJC_IMPLICIT_RETAIN_SELF = YES;
				CLANG_WARN_OBJC_LITERAL_CONVERSION = YES;
				CLANG_WARN_OBJC_ROOT_CLASS = YES_ERROR;
				CLANG_WARN_QUOTED_INCLUDE_IN_FRAMEWORK_HEADER = YES;
				CLANG_WARN_RANGE_LOOP_ANALYSIS = YES;
				CLANG_WARN_STRICT_PROTOTYPES = YES;
				CLANG_WARN_SUSPICIOUS_MOVE = YES;
				CLANG_WARN_UNGUARDED_AVAILABILITY = YES_AGGRESSIVE;
				CLANG_WARN_UNREACHABLE_CODE = YES;
				CLANG_WARN__DUPLICATE_METHOD_MATCH = YES;
				COPY_PHASE_STRIP = NO;
				DEBUG_INFORMATION_FORMAT = dwarf;
				ENABLE_STRICT_OBJC_MSGSEND = YES;
				ENABLE_TESTABILITY = YES;
				GCC_C_LANGUAGE_STANDARD = gnu11;
				GCC_DYNAMIC_NO_PIC = NO;
				GCC_NO_COMMON_BLOCKS = YES;
				GCC_OPTIMIZATION_LEVEL = 0;
				GCC_PREPROCESSOR_DEFINITIONS = (
					"DEBUG=1",
					"$(inherited)",
				);
				GCC_WARN_64_TO_32_BIT_CONVERSION = YES;
				GCC_WARN_ABOUT_RETURN_TYPE = YES_ERROR;
				GCC_WARN_UNDECLARED_SELECTOR = YES;
				GCC_WARN_UNINITIALIZED_AUTOS = YES_AGGRESSIVE;
				GCC_WARN_UNUSED_FUNCTION = YES;
				GCC_WARN_UNUSED_VARIABLE = YES;
				IPHONEOS_DEPLOYMENT_TARGET = 13.0;
				MTL_ENABLE_DEBUG_INFO = INCLUDE_SOURCE;
				MTL_FAST_MATH = YES;
				ONLY_ACTIVE_ARCH = YES;
				SDKROOT = iphoneos;
				SWIFT_ACTIVE_COMPILATION_CONDITIONS = DEBUG;
				SWIFT_OPTIMIZATION_LEVEL = "-Onone";
			};
			name = Debug;
		};
		8D4ABCEF2A95B95D002CBE83 /* Release */ = {
			isa = XCBuildConfiguration;
			buildSettings = {
				ALWAYS_SEARCH_USER_PATHS = NO;
				CLANG_ANALYZER_NONNULL = YES;
				CLANG_ANALYZER_NUMBER_OBJECT_CONVERSION = YES_AGGRESSIVE;
				CLANG_CXX_LANGUAGE_STANDARD = "gnu++20";
				CLANG_ENABLE_MODULES = YES;
				CLANG_ENABLE_OBJC_ARC = YES;
				CLANG_ENABLE_OBJC_WEAK = YES;
				CLANG_WARN_BLOCK_CAPTURE_AUTORELEASING = YES;
				CLANG_WARN_BOOL_CONVERSION = YES;
				CLANG_WARN_COMMA = YES;
				CLANG_WARN_CONSTANT_CONVERSION = YES;
				CLANG_WARN_DEPRECATED_OBJC_IMPLEMENTATIONS = YES;
				CLANG_WARN_DIRECT_OBJC_ISA_USAGE = YES_ERROR;
				CLANG_WARN_DOCUMENTATION_COMMENTS = YES;
				CLANG_WARN_EMPTY_BODY = YES;
				CLANG_WARN_ENUM_CONVERSION = YES;
				CLANG_WARN_INFINITE_RECURSION = YES;
				CLANG_WARN_INT_CONVERSION = YES;
				CLANG_WARN_NON_LITERAL_NULL_CONVERSION = YES;
				CLANG_WARN_OBJC_IMPLICIT_RETAIN_SELF = YES;
				CLANG_WARN_OBJC_LITERAL_CONVERSION = YES;
				CLANG_WARN_OBJC_ROOT_CLASS = YES_ERROR;
				CLANG_WARN_QUOTED_INCLUDE_IN_FRAMEWORK_HEADER = YES;
				CLANG_WARN_RANGE_LOOP_ANALYSIS = YES;
				CLANG_WARN_STRICT_PROTOTYPES = YES;
				CLANG_WARN_SUSPICIOUS_MOVE = YES;
				CLANG_WARN_UNGUARDED_AVAILABILITY = YES_AGGRESSIVE;
				CLANG_WARN_UNREACHABLE_CODE = YES;
				CLANG_WARN__DUPLICATE_METHOD_MATCH = YES;
				COPY_PHASE_STRIP = NO;
				DEBUG_INFORMATION_FORMAT = "dwarf-with-dsym";
				ENABLE_NS_ASSERTIONS = NO;
				ENABLE_STRICT_OBJC_MSGSEND = YES;
				GCC_C_LANGUAGE_STANDARD = gnu11;
				GCC_NO_COMMON_BLOCKS = YES;
				GCC_WARN_64_TO_32_BIT_CONVERSION = YES;
				GCC_WARN_ABOUT_RETURN_TYPE = YES_ERROR;
				GCC_WARN_UNDECLARED_SELECTOR = YES;
				GCC_WARN_UNINITIALIZED_AUTOS = YES_AGGRESSIVE;
				GCC_WARN_UNUSED_FUNCTION = YES;
				GCC_WARN_UNUSED_VARIABLE = YES;
				IPHONEOS_DEPLOYMENT_TARGET = 13.0;
				MTL_ENABLE_DEBUG_INFO = NO;
				MTL_FAST_MATH = YES;
				SDKROOT = iphoneos;
				SWIFT_COMPILATION_MODE = wholemodule;
				SWIFT_OPTIMIZATION_LEVEL = "-O";
				VALIDATE_PRODUCT = YES;
			};
			name = Release;
		};
		8D4ABCF12A95B95D002CBE83 /* Debug */ = {
			isa = XCBuildConfiguration;
			buildSettings = {
				ASSETCATALOG_COMPILER_APPICON_NAME = AppIcon;
				ASSETCATALOG_COMPILER_GLOBAL_ACCENT_COLOR_NAME = AccentColor;
				CODE_SIGN_STYLE = Automatic;
				CURRENT_PROJECT_VERSION = 1;
				DEVELOPMENT_TEAM = 7N7HCBX33L;
				GENERATE_INFOPLIST_FILE = YES;
				INFOPLIST_FILE = "UIKit Test/Supporting Files/Info.plist";
				INFOPLIST_KEY_UIApplicationSupportsIndirectInputEvents = YES;
				INFOPLIST_KEY_UILaunchStoryboardName = LaunchScreen;
				INFOPLIST_KEY_UISupportedInterfaceOrientations = "UIInterfaceOrientationLandscapeRight UIInterfaceOrientationPortrait";
				INFOPLIST_KEY_UISupportedInterfaceOrientations_iPad = "UIInterfaceOrientationLandscapeLeft UIInterfaceOrientationLandscapeRight UIInterfaceOrientationPortrait UIInterfaceOrientationPortraitUpsideDown";
				LD_RUNPATH_SEARCH_PATHS = (
					"$(inherited)",
					"@executable_path/Frameworks",
				);
				MARKETING_VERSION = 1.0;
				PRODUCT_BUNDLE_IDENTIFIER = "erix.uikit.webfamous.mx.UIKit-Test";
				PRODUCT_NAME = "$(TARGET_NAME)";
				SUPPORTED_PLATFORMS = "iphoneos iphonesimulator";
				SUPPORTS_MACCATALYST = NO;
				SUPPORTS_MAC_DESIGNED_FOR_IPHONE_IPAD = NO;
				SWIFT_EMIT_LOC_STRINGS = YES;
				SWIFT_VERSION = 5.0;
				TARGETED_DEVICE_FAMILY = 1;
			};
			name = Debug;
		};
		8D4ABCF22A95B95D002CBE83 /* Release */ = {
			isa = XCBuildConfiguration;
			buildSettings = {
				ASSETCATALOG_COMPILER_APPICON_NAME = AppIcon;
				ASSETCATALOG_COMPILER_GLOBAL_ACCENT_COLOR_NAME = AccentColor;
				CODE_SIGN_STYLE = Automatic;
				CURRENT_PROJECT_VERSION = 1;
				DEVELOPMENT_TEAM = 7N7HCBX33L;
				GENERATE_INFOPLIST_FILE = YES;
				INFOPLIST_FILE = "UIKit Test/Supporting Files/Info.plist";
				INFOPLIST_KEY_UIApplicationSupportsIndirectInputEvents = YES;
				INFOPLIST_KEY_UILaunchStoryboardName = LaunchScreen;
				INFOPLIST_KEY_UISupportedInterfaceOrientations = "UIInterfaceOrientationLandscapeRight UIInterfaceOrientationPortrait";
				INFOPLIST_KEY_UISupportedInterfaceOrientations_iPad = "UIInterfaceOrientationLandscapeLeft UIInterfaceOrientationLandscapeRight UIInterfaceOrientationPortrait UIInterfaceOrientationPortraitUpsideDown";
				LD_RUNPATH_SEARCH_PATHS = (
					"$(inherited)",
					"@executable_path/Frameworks",
				);
				MARKETING_VERSION = 1.0;
				PRODUCT_BUNDLE_IDENTIFIER = "erix.uikit.webfamous.mx.UIKit-Test";
				PRODUCT_NAME = "$(TARGET_NAME)";
				SUPPORTED_PLATFORMS = "iphoneos iphonesimulator";
				SUPPORTS_MACCATALYST = NO;
				SUPPORTS_MAC_DESIGNED_FOR_IPHONE_IPAD = NO;
				SWIFT_EMIT_LOC_STRINGS = YES;
				SWIFT_VERSION = 5.0;
				TARGETED_DEVICE_FAMILY = 1;
			};
			name = Release;
		};
/* End XCBuildConfiguration section */

/* Begin XCConfigurationList section */
		8D4ABCD72A95B95C002CBE83 /* Build configuration list for PBXProject "UIKit Test" */ = {
			isa = XCConfigurationList;
			buildConfigurations = (
				8D4ABCEE2A95B95D002CBE83 /* Debug */,
				8D4ABCEF2A95B95D002CBE83 /* Release */,
			);
			defaultConfigurationIsVisible = 0;
			defaultConfigurationName = Release;
		};
		8D4ABCF02A95B95D002CBE83 /* Build configuration list for PBXNativeTarget "UIKit Test" */ = {
			isa = XCConfigurationList;
			buildConfigurations = (
				8D4ABCF12A95B95D002CBE83 /* Debug */,
				8D4ABCF22A95B95D002CBE83 /* Release */,
			);
			defaultConfigurationIsVisible = 0;
			defaultConfigurationName = Release;
		};
/* End XCConfigurationList section */
	};
	rootObject = 8D4ABCD42A95B95C002CBE83 /* Project object */;
}
